
Microsoft Visual Studio Solution File, Format Version 12.00
# Visual Studio Version 17
VisualStudioVersion = 17.10.35013.160
MinimumVisualStudioVersion = 10.0.40219.1
Project("{FAE04EC0-301F-11D3-BF4B-00C04F79EFBC}") = "GroceryStoreAPI", "GroceryStoreAPI\GroceryStoreAPI.csproj", "{AF4379EA-1F58-44F8-B3D9-4893BCF9F2E1}"
EndProject
Global
	GlobalSection(SolutionConfigurationPlatforms) = preSolution
		Debug|Any CPU = Debug|Any CPU
		Release|Any CPU = Release|Any CPU
	EndGlobalSection
	GlobalSection(ProjectConfigurationPlatforms) = postSolution
		{AF4379EA-1F58-44F8-B3D9-4893BCF9F2E1}.Debug|Any CPU.ActiveCfg = Debug|Any CPU
		{AF4379EA-1F58-44F8-B3D9-4893BCF9F2E1}.Debug|Any CPU.Build.0 = Debug|Any CPU
		{AF4379EA-1F58-44F8-B3D9-4893BCF9F2E1}.Release|Any CPU.ActiveCfg = Release|Any CPU
		{AF4379EA-1F58-44F8-B3D9-4893BCF9F2E1}.Release|Any CPU.Build.0 = Release|Any CPU
	EndGlobalSection
	GlobalSection(SolutionProperties) = preSolution
		HideSolutionNode = FALSE
	EndGlobalSection
	GlobalSection(ExtensibilityGlobals) = postSolution
		SolutionGuid = {3D3872D4-9740-4AE6-9D9A-A8194709BA93}
	EndGlobalSection
EndGlobal
